# THIS IS AN AUTOGENERATED FILE. DO NOT EDIT THIS FILE DIRECTLY.
# yarn lockfile v1


"@types/node-fetch@^2.5.4":
  version "2.5.4"
  resolved "https://registry.npm.taobao.org/@types/node-fetch/download/@types/node-fetch-2.5.4.tgz#5245b6d8841fc3a6208b82291119bc11c4e0ce44"
  integrity sha1-UkW22IQfw6Ygi4IpERm8EcTgzkQ=
  dependencies:
    "@types/node" "*"

"@types/node@*":
  version "12.12.14"
  resolved "https://registry.npm.taobao.org/@types/node/download/@types/node-12.12.14.tgz#1c1d6e3c75dba466e0326948d56e8bd72a1903d2"
  integrity sha1-HB1uPHXbpGbgMmlI1W6L1yoZA9I=

node-fetch@^2.6.0:
  version "2.6.0"
  resolved "https://registry.npm.taobao.org/node-fetch/download/node-fetch-2.6.0.tgz#e633456386d4aa55863f676a7ab0daa8fdecb0fd"
  integrity sha1-5jNFY4bUqlWGP2dqerDaqP3ssP0=
